
Microsoft Visual Studio Solution File, Format Version 12.00
Project("{FAE04EC0-301F-11D3-BF4B-00C04F79EFBC}") = "WebApp", "WebApp\WebApp.csproj", "{3EF605DA-0340-4C7D-B5DB-BDDE871CDADF}"
EndProject
Project("{FAE04EC0-301F-11D3-BF4B-00C04F79EFBC}") = "App.Domain", "App.Domain\App.Domain.csproj", "{AC704DDB-7912-40C7-96F0-555A03F2AAB5}"
EndProject
Project("{FAE04EC0-301F-11D3-BF4B-00C04F79EFBC}") = "DAL.App.EF", "DAL.App.EF\DAL.App.EF.csproj", "{F41552B4-99FD-441F-A764-B74DD49555CB}"
EndProject
Project("{2150E333-8FDC-42A3-9474-1A3956D46DE8}") = "Solution Items", "Solution Items", "{AA4E86BB-8E97-4817-99C1-EA93A9100AC3}"
	ProjectSection(SolutionItems) = preProject
		README.md = README.md
		..\docker-compose.yml = ..\docker-compose.yml
		Directory.Build.props = Directory.Build.props
		..\.gitignore = ..\.gitignore
		Dockerfile = Dockerfile
		.dockerignore = .dockerignore
	EndProjectSection
EndProject
Project("{2150E333-8FDC-42A3-9474-1A3956D46DE8}") = "APP", "APP", "{3E6859EB-3E39-4DCC-83BF-85BF62473048}"
EndProject
Project("{2150E333-8FDC-42A3-9474-1A3956D46DE8}") = "BASE", "BASE", "{D704C591-6576-4DCF-A5A4-AF8D4ED4885F}"
EndProject
Project("{FAE04EC0-301F-11D3-BF4B-00C04F79EFBC}") = "Domain.Base", "Domain.Base\Domain.Base.csproj", "{2D7C59D1-65DC-4995-93D9-4D8085115227}"
EndProject
Project("{2150E333-8FDC-42A3-9474-1A3956D46DE8}") = "Contracts", "Contracts", "{94468196-70E8-45F3-9499-E3C722C07AE6}"
EndProject
Project("{FAE04EC0-301F-11D3-BF4B-00C04F79EFBC}") = "Domain.Contracts.Base", "Domain.Contracts.Base\Domain.Contracts.Base.csproj", "{19E35FAD-A2DC-4C41-861F-9474ECDDA608}"
EndProject
Project("{FAE04EC0-301F-11D3-BF4B-00C04F79EFBC}") = "DAL.EF.Base", "DAL.EF.Base\DAL.EF.Base.csproj", "{57710E08-662A-4DD7-A9F2-31015C32C724}"
EndProject
Project("{2150E333-8FDC-42A3-9474-1A3956D46DE8}") = "Contracts", "Contracts", "{65B4A1D1-5113-4A9A-A07B-64F3E68AB998}"
EndProject
Project("{FAE04EC0-301F-11D3-BF4B-00C04F79EFBC}") = "DAL.App.Contracts", "DAL.App.Contracts\DAL.App.Contracts.csproj", "{D476F058-84E4-40D7-9E11-36C54C5D79E1}"
EndProject
Project("{FAE04EC0-301F-11D3-BF4B-00C04F79EFBC}") = "DAL.Contracts.Base", "DAL.Contracts.Base\DAL.Contracts.Base.csproj", "{D3328604-6AE1-4CA4-9EF1-A3A577B44FB9}"
EndProject
Project("{FAE04EC0-301F-11D3-BF4B-00C04F79EFBC}") = "Helpers.Base", "Helpers.Base\Helpers.Base.csproj", "{49E6F7F2-19D2-4DE0-A0D2-618DCB726428}"
EndProject
Project("{FAE04EC0-301F-11D3-BF4B-00C04F79EFBC}") = "Tests", "Tests\Tests.csproj", "{BCA6DEA4-6517-4787-BD10-FCA05C9A96BA}"
EndProject
Project("{FAE04EC0-301F-11D3-BF4B-00C04F79EFBC}") = "Public.DTO", "Public.DTO\Public.DTO.csproj", "{370DDD8E-9098-4369-8B07-1C2D84A0EECF}"
EndProject
Project("{FAE04EC0-301F-11D3-BF4B-00C04F79EFBC}") = "Contracts.Base", "Contracts.Base\Contracts.Base.csproj", "{09D5B4F6-388D-4DDF-A71E-2B0C158BB8D9}"
EndProject
Project("{FAE04EC0-301F-11D3-BF4B-00C04F79EFBC}") = "DAL.Base", "DAL.Base\DAL.Base.csproj", "{2A69C14A-E4DB-4651-AA2D-4E047C487544}"
EndProject
Project("{FAE04EC0-301F-11D3-BF4B-00C04F79EFBC}") = "BLL.Contracts.Base", "BLL.Contracts.Base\BLL.Contracts.Base.csproj", "{6CD40E69-62D4-4527-AD8E-E8628B2BE5D6}"
EndProject
Project("{FAE04EC0-301F-11D3-BF4B-00C04F79EFBC}") = "BLL.Base", "BLL.Base\BLL.Base.csproj", "{B4DE9610-1A08-4F3C-8E17-85974CEA9D94}"
EndProject
Project("{FAE04EC0-301F-11D3-BF4B-00C04F79EFBC}") = "App.BLL", "App.BLL\App.BLL.csproj", "{7711D9C2-0634-4457-91EA-FF46060763A1}"
EndProject
Project("{FAE04EC0-301F-11D3-BF4B-00C04F79EFBC}") = "BLL.App.Contracts", "BLL.App.Contracts\BLL.App.Contracts.csproj", "{6288A614-37BE-4006-87FF-55F42089B9FF}"
EndProject
Project("{FAE04EC0-301F-11D3-BF4B-00C04F79EFBC}") = "BLL.DTO", "BLL.DTO\BLL.DTO.csproj", "{0C3C2FDC-6FBB-43A6-B9B3-43A5DCAE91D1}"
EndProject
Global
	GlobalSection(SolutionConfigurationPlatforms) = preSolution
		Debug|Any CPU = Debug|Any CPU
		Release|Any CPU = Release|Any CPU
	EndGlobalSection
	GlobalSection(ProjectConfigurationPlatforms) = postSolution
		{3EF605DA-0340-4C7D-B5DB-BDDE871CDADF}.Debug|Any CPU.ActiveCfg = Debug|Any CPU
		{3EF605DA-0340-4C7D-B5DB-BDDE871CDADF}.Debug|Any CPU.Build.0 = Debug|Any CPU
		{3EF605DA-0340-4C7D-B5DB-BDDE871CDADF}.Release|Any CPU.ActiveCfg = Release|Any CPU
		{3EF605DA-0340-4C7D-B5DB-BDDE871CDADF}.Release|Any CPU.Build.0 = Release|Any CPU
		{AC704DDB-7912-40C7-96F0-555A03F2AAB5}.Debug|Any CPU.ActiveCfg = Debug|Any CPU
		{AC704DDB-7912-40C7-96F0-555A03F2AAB5}.Debug|Any CPU.Build.0 = Debug|Any CPU
		{AC704DDB-7912-40C7-96F0-555A03F2AAB5}.Release|Any CPU.ActiveCfg = Release|Any CPU
		{AC704DDB-7912-40C7-96F0-555A03F2AAB5}.Release|Any CPU.Build.0 = Release|Any CPU
		{F41552B4-99FD-441F-A764-B74DD49555CB}.Debug|Any CPU.ActiveCfg = Debug|Any CPU
		{F41552B4-99FD-441F-A764-B74DD49555CB}.Debug|Any CPU.Build.0 = Debug|Any CPU
		{F41552B4-99FD-441F-A764-B74DD49555CB}.Release|Any CPU.ActiveCfg = Release|Any CPU
		{F41552B4-99FD-441F-A764-B74DD49555CB}.Release|Any CPU.Build.0 = Release|Any CPU
		{2D7C59D1-65DC-4995-93D9-4D8085115227}.Debug|Any CPU.ActiveCfg = Debug|Any CPU
		{2D7C59D1-65DC-4995-93D9-4D8085115227}.Debug|Any CPU.Build.0 = Debug|Any CPU
		{2D7C59D1-65DC-4995-93D9-4D8085115227}.Release|Any CPU.ActiveCfg = Release|Any CPU
		{2D7C59D1-65DC-4995-93D9-4D8085115227}.Release|Any CPU.Build.0 = Release|Any CPU
		{19E35FAD-A2DC-4C41-861F-9474ECDDA608}.Debug|Any CPU.ActiveCfg = Debug|Any CPU
		{19E35FAD-A2DC-4C41-861F-9474ECDDA608}.Debug|Any CPU.Build.0 = Debug|Any CPU
		{19E35FAD-A2DC-4C41-861F-9474ECDDA608}.Release|Any CPU.ActiveCfg = Release|Any CPU
		{19E35FAD-A2DC-4C41-861F-9474ECDDA608}.Release|Any CPU.Build.0 = Release|Any CPU
		{57710E08-662A-4DD7-A9F2-31015C32C724}.Debug|Any CPU.ActiveCfg = Debug|Any CPU
		{57710E08-662A-4DD7-A9F2-31015C32C724}.Debug|Any CPU.Build.0 = Debug|Any CPU
		{57710E08-662A-4DD7-A9F2-31015C32C724}.Release|Any CPU.ActiveCfg = Release|Any CPU
		{57710E08-662A-4DD7-A9F2-31015C32C724}.Release|Any CPU.Build.0 = Release|Any CPU
		{D476F058-84E4-40D7-9E11-36C54C5D79E1}.Debug|Any CPU.ActiveCfg = Debug|Any CPU
		{D476F058-84E4-40D7-9E11-36C54C5D79E1}.Debug|Any CPU.Build.0 = Debug|Any CPU
		{D476F058-84E4-40D7-9E11-36C54C5D79E1}.Release|Any CPU.ActiveCfg = Release|Any CPU
		{D476F058-84E4-40D7-9E11-36C54C5D79E1}.Release|Any CPU.Build.0 = Release|Any CPU
		{D3328604-6AE1-4CA4-9EF1-A3A577B44FB9}.Debug|Any CPU.ActiveCfg = Debug|Any CPU
		{D3328604-6AE1-4CA4-9EF1-A3A577B44FB9}.Debug|Any CPU.Build.0 = Debug|Any CPU
		{D3328604-6AE1-4CA4-9EF1-A3A577B44FB9}.Release|Any CPU.ActiveCfg = Release|Any CPU
		{D3328604-6AE1-4CA4-9EF1-A3A577B44FB9}.Release|Any CPU.Build.0 = Release|Any CPU
		{49E6F7F2-19D2-4DE0-A0D2-618DCB726428}.Debug|Any CPU.ActiveCfg = Debug|Any CPU
		{49E6F7F2-19D2-4DE0-A0D2-618DCB726428}.Debug|Any CPU.Build.0 = Debug|Any CPU
		{49E6F7F2-19D2-4DE0-A0D2-618DCB726428}.Release|Any CPU.ActiveCfg = Release|Any CPU
		{49E6F7F2-19D2-4DE0-A0D2-618DCB726428}.Release|Any CPU.Build.0 = Release|Any CPU
		{BCA6DEA4-6517-4787-BD10-FCA05C9A96BA}.Debug|Any CPU.ActiveCfg = Debug|Any CPU
		{BCA6DEA4-6517-4787-BD10-FCA05C9A96BA}.Debug|Any CPU.Build.0 = Debug|Any CPU
		{BCA6DEA4-6517-4787-BD10-FCA05C9A96BA}.Release|Any CPU.ActiveCfg = Release|Any CPU
		{BCA6DEA4-6517-4787-BD10-FCA05C9A96BA}.Release|Any CPU.Build.0 = Release|Any CPU
		{370DDD8E-9098-4369-8B07-1C2D84A0EECF}.Debug|Any CPU.ActiveCfg = Debug|Any CPU
		{370DDD8E-9098-4369-8B07-1C2D84A0EECF}.Debug|Any CPU.Build.0 = Debug|Any CPU
		{370DDD8E-9098-4369-8B07-1C2D84A0EECF}.Release|Any CPU.ActiveCfg = Release|Any CPU
		{370DDD8E-9098-4369-8B07-1C2D84A0EECF}.Release|Any CPU.Build.0 = Release|Any CPU
		{09D5B4F6-388D-4DDF-A71E-2B0C158BB8D9}.Debug|Any CPU.ActiveCfg = Debug|Any CPU
		{09D5B4F6-388D-4DDF-A71E-2B0C158BB8D9}.Debug|Any CPU.Build.0 = Debug|Any CPU
		{09D5B4F6-388D-4DDF-A71E-2B0C158BB8D9}.Release|Any CPU.ActiveCfg = Release|Any CPU
		{09D5B4F6-388D-4DDF-A71E-2B0C158BB8D9}.Release|Any CPU.Build.0 = Release|Any CPU
		{2A69C14A-E4DB-4651-AA2D-4E047C487544}.Debug|Any CPU.ActiveCfg = Debug|Any CPU
		{2A69C14A-E4DB-4651-AA2D-4E047C487544}.Debug|Any CPU.Build.0 = Debug|Any CPU
		{2A69C14A-E4DB-4651-AA2D-4E047C487544}.Release|Any CPU.ActiveCfg = Release|Any CPU
		{2A69C14A-E4DB-4651-AA2D-4E047C487544}.Release|Any CPU.Build.0 = Release|Any CPU
		{6CD40E69-62D4-4527-AD8E-E8628B2BE5D6}.Debug|Any CPU.ActiveCfg = Debug|Any CPU
		{6CD40E69-62D4-4527-AD8E-E8628B2BE5D6}.Debug|Any CPU.Build.0 = Debug|Any CPU
		{6CD40E69-62D4-4527-AD8E-E8628B2BE5D6}.Release|Any CPU.ActiveCfg = Release|Any CPU
		{6CD40E69-62D4-4527-AD8E-E8628B2BE5D6}.Release|Any CPU.Build.0 = Release|Any CPU
		{B4DE9610-1A08-4F3C-8E17-85974CEA9D94}.Debug|Any CPU.ActiveCfg = Debug|Any CPU
		{B4DE9610-1A08-4F3C-8E17-85974CEA9D94}.Debug|Any CPU.Build.0 = Debug|Any CPU
		{B4DE9610-1A08-4F3C-8E17-85974CEA9D94}.Release|Any CPU.ActiveCfg = Release|Any CPU
		{B4DE9610-1A08-4F3C-8E17-85974CEA9D94}.Release|Any CPU.Build.0 = Release|Any CPU
		{7711D9C2-0634-4457-91EA-FF46060763A1}.Debug|Any CPU.ActiveCfg = Debug|Any CPU
		{7711D9C2-0634-4457-91EA-FF46060763A1}.Debug|Any CPU.Build.0 = Debug|Any CPU
		{7711D9C2-0634-4457-91EA-FF46060763A1}.Release|Any CPU.ActiveCfg = Release|Any CPU
		{7711D9C2-0634-4457-91EA-FF46060763A1}.Release|Any CPU.Build.0 = Release|Any CPU
		{6288A614-37BE-4006-87FF-55F42089B9FF}.Debug|Any CPU.ActiveCfg = Debug|Any CPU
		{6288A614-37BE-4006-87FF-55F42089B9FF}.Debug|Any CPU.Build.0 = Debug|Any CPU
		{6288A614-37BE-4006-87FF-55F42089B9FF}.Release|Any CPU.ActiveCfg = Release|Any CPU
		{6288A614-37BE-4006-87FF-55F42089B9FF}.Release|Any CPU.Build.0 = Release|Any CPU
		{0C3C2FDC-6FBB-43A6-B9B3-43A5DCAE91D1}.Debug|Any CPU.ActiveCfg = Debug|Any CPU
		{0C3C2FDC-6FBB-43A6-B9B3-43A5DCAE91D1}.Debug|Any CPU.Build.0 = Debug|Any CPU
		{0C3C2FDC-6FBB-43A6-B9B3-43A5DCAE91D1}.Release|Any CPU.ActiveCfg = Release|Any CPU
		{0C3C2FDC-6FBB-43A6-B9B3-43A5DCAE91D1}.Release|Any CPU.Build.0 = Release|Any CPU
	EndGlobalSection
	GlobalSection(NestedProjects) = preSolution
		{3EF605DA-0340-4C7D-B5DB-BDDE871CDADF} = {3E6859EB-3E39-4DCC-83BF-85BF62473048}
		{2D7C59D1-65DC-4995-93D9-4D8085115227} = {D704C591-6576-4DCF-A5A4-AF8D4ED4885F}
		{94468196-70E8-45F3-9499-E3C722C07AE6} = {D704C591-6576-4DCF-A5A4-AF8D4ED4885F}
		{19E35FAD-A2DC-4C41-861F-9474ECDDA608} = {94468196-70E8-45F3-9499-E3C722C07AE6}
		{57710E08-662A-4DD7-A9F2-31015C32C724} = {D704C591-6576-4DCF-A5A4-AF8D4ED4885F}
		{65B4A1D1-5113-4A9A-A07B-64F3E68AB998} = {3E6859EB-3E39-4DCC-83BF-85BF62473048}
		{D476F058-84E4-40D7-9E11-36C54C5D79E1} = {65B4A1D1-5113-4A9A-A07B-64F3E68AB998}
		{D3328604-6AE1-4CA4-9EF1-A3A577B44FB9} = {94468196-70E8-45F3-9499-E3C722C07AE6}
		{49E6F7F2-19D2-4DE0-A0D2-618DCB726428} = {D704C591-6576-4DCF-A5A4-AF8D4ED4885F}
		{F41552B4-99FD-441F-A764-B74DD49555CB} = {3E6859EB-3E39-4DCC-83BF-85BF62473048}
		{AC704DDB-7912-40C7-96F0-555A03F2AAB5} = {3E6859EB-3E39-4DCC-83BF-85BF62473048}
		{BCA6DEA4-6517-4787-BD10-FCA05C9A96BA} = {3E6859EB-3E39-4DCC-83BF-85BF62473048}
		{370DDD8E-9098-4369-8B07-1C2D84A0EECF} = {3E6859EB-3E39-4DCC-83BF-85BF62473048}
		{09D5B4F6-388D-4DDF-A71E-2B0C158BB8D9} = {94468196-70E8-45F3-9499-E3C722C07AE6}
		{6CD40E69-62D4-4527-AD8E-E8628B2BE5D6} = {94468196-70E8-45F3-9499-E3C722C07AE6}
		{B4DE9610-1A08-4F3C-8E17-85974CEA9D94} = {D704C591-6576-4DCF-A5A4-AF8D4ED4885F}
		{2A69C14A-E4DB-4651-AA2D-4E047C487544} = {D704C591-6576-4DCF-A5A4-AF8D4ED4885F}
		{6288A614-37BE-4006-87FF-55F42089B9FF} = {65B4A1D1-5113-4A9A-A07B-64F3E68AB998}
		{7711D9C2-0634-4457-91EA-FF46060763A1} = {3E6859EB-3E39-4DCC-83BF-85BF62473048}
		{0C3C2FDC-6FBB-43A6-B9B3-43A5DCAE91D1} = {3E6859EB-3E39-4DCC-83BF-85BF62473048}
	EndGlobalSection
EndGlobal
